
Microsoft Visual Studio Solution File, Format Version 12.00
# Visual Studio Version 16
VisualStudioVersion = 16.0.30011.22
MinimumVisualStudioVersion = 10.0.40219.1
Project("{F184B08F-C81C-45F6-A57F-5ABD9991F28F}") = "GiaPhaMain", "Gia pha\GiaPhaMain.vbproj", "{FC46BDA3-AEAD-4A0A-A3A0-BB9383A4D164}"
EndProject
Project("{FAE04EC0-301F-11D3-BF4B-00C04F79EFBC}") = "Config", "Config\Config.csproj", "{90FB4739-392D-4F48-93FC-722BA4442C0E}"
EndProject
Project("{FAE04EC0-301F-11D3-BF4B-00C04F79EFBC}") = "Updater", "Updater\Updater.csproj", "{8C2245B4-0309-4E2B-9285-FDAF31FA5226}"
EndProject
Project("{FAE04EC0-301F-11D3-BF4B-00C04F79EFBC}") = "GP40Common", "GP40Common\GP40Common.csproj", "{058CFDD7-CA5D-413A-BD1B-CBC596DD4507}"
EndProject
Project("{2150E333-8FDC-42A3-9474-1A3956D46DE8}") = "Giapha40", "Giapha40", "{5891E074-0A92-45D8-8559-DE396BE00A7C}"
EndProject
Project("{FAE04EC0-301F-11D3-BF4B-00C04F79EFBC}") = "GP40Tree", "GP40Tree\GP40Tree.csproj", "{1C54A70C-C56C-4F4B-83F3-54F348DE3F0A}"
EndProject
Project("{FAE04EC0-301F-11D3-BF4B-00C04F79EFBC}") = "GP40Main", "GP40Main\GP40Main.csproj", "{016C8B38-A9A2-447C-BD19-8E09B3F36FCF}"
EndProject
Project("{D954291E-2A0B-460D-934E-DC6B0785DB48}") = "GP40DrawTree", "GP40DrawTree\GP40DrawTree.shproj", "{E1EB9986-FCFC-474E-93DE-FE39870A1637}"
EndProject
Project("{FAE04EC0-301F-11D3-BF4B-00C04F79EFBC}") = "MaterialSkin", "MaterialSkin\MaterialSkin.csproj", "{8EB7611B-68CD-4B8B-987A-11717E2B250C}"
EndProject
Project("{2150E333-8FDC-42A3-9474-1A3956D46DE8}") = "CommonLib", "CommonLib", "{C9EC07E3-67AB-4F91-8992-D4EA622D8ED0}"
EndProject
Project("{2150E333-8FDC-42A3-9474-1A3956D46DE8}") = "GiaphaOld", "GiaphaOld", "{E8F21895-D154-44C4-9D3A-868BA26A575D}"
EndProject
Global
	GlobalSection(SharedMSBuildProjectFiles) = preSolution
		GP40DrawTree\GP40DrawTree.projitems*{016c8b38-a9a2-447c-bd19-8e09b3f36fcf}*SharedItemsImports = 4
		GP40DrawTree\GP40DrawTree.projitems*{e1eb9986-fcfc-474e-93de-fe39870a1637}*SharedItemsImports = 13
	EndGlobalSection
	GlobalSection(SolutionConfigurationPlatforms) = preSolution
		Debug|Any CPU = Debug|Any CPU
		Debug|x86 = Debug|x86
		Release|Any CPU = Release|Any CPU
		Release|x86 = Release|x86
	EndGlobalSection
	GlobalSection(ProjectConfigurationPlatforms) = postSolution
		{FC46BDA3-AEAD-4A0A-A3A0-BB9383A4D164}.Debug|Any CPU.ActiveCfg = Debug|Any CPU
		{FC46BDA3-AEAD-4A0A-A3A0-BB9383A4D164}.Debug|Any CPU.Build.0 = Debug|Any CPU
		{FC46BDA3-AEAD-4A0A-A3A0-BB9383A4D164}.Debug|x86.ActiveCfg = Debug|x86
		{FC46BDA3-AEAD-4A0A-A3A0-BB9383A4D164}.Debug|x86.Build.0 = Debug|x86
		{FC46BDA3-AEAD-4A0A-A3A0-BB9383A4D164}.Release|Any CPU.ActiveCfg = Release|x86
		{FC46BDA3-AEAD-4A0A-A3A0-BB9383A4D164}.Release|Any CPU.Build.0 = Release|x86
		{FC46BDA3-AEAD-4A0A-A3A0-BB9383A4D164}.Release|x86.ActiveCfg = Release|x86
		{FC46BDA3-AEAD-4A0A-A3A0-BB9383A4D164}.Release|x86.Build.0 = Release|x86
		{90FB4739-392D-4F48-93FC-722BA4442C0E}.Debug|Any CPU.ActiveCfg = Debug|Any CPU
		{90FB4739-392D-4F48-93FC-722BA4442C0E}.Debug|Any CPU.Build.0 = Debug|Any CPU
		{90FB4739-392D-4F48-93FC-722BA4442C0E}.Debug|x86.ActiveCfg = Debug|Any CPU
		{90FB4739-392D-4F48-93FC-722BA4442C0E}.Debug|x86.Build.0 = Debug|Any CPU
		{90FB4739-392D-4F48-93FC-722BA4442C0E}.Release|Any CPU.ActiveCfg = Release|Any CPU
		{90FB4739-392D-4F48-93FC-722BA4442C0E}.Release|Any CPU.Build.0 = Release|Any CPU
		{90FB4739-392D-4F48-93FC-722BA4442C0E}.Release|x86.ActiveCfg = Release|Any CPU
		{90FB4739-392D-4F48-93FC-722BA4442C0E}.Release|x86.Build.0 = Release|Any CPU
		{8C2245B4-0309-4E2B-9285-FDAF31FA5226}.Debug|Any CPU.ActiveCfg = Debug|Any CPU
		{8C2245B4-0309-4E2B-9285-FDAF31FA5226}.Debug|Any CPU.Build.0 = Debug|Any CPU
		{8C2245B4-0309-4E2B-9285-FDAF31FA5226}.Debug|x86.ActiveCfg = Debug|Any CPU
		{8C2245B4-0309-4E2B-9285-FDAF31FA5226}.Debug|x86.Build.0 = Debug|Any CPU
		{8C2245B4-0309-4E2B-9285-FDAF31FA5226}.Release|Any CPU.ActiveCfg = Release|Any CPU
		{8C2245B4-0309-4E2B-9285-FDAF31FA5226}.Release|Any CPU.Build.0 = Release|Any CPU
		{8C2245B4-0309-4E2B-9285-FDAF31FA5226}.Release|x86.ActiveCfg = Release|Any CPU
		{8C2245B4-0309-4E2B-9285-FDAF31FA5226}.Release|x86.Build.0 = Release|Any CPU
		{058CFDD7-CA5D-413A-BD1B-CBC596DD4507}.Debug|Any CPU.ActiveCfg = Debug|Any CPU
		{058CFDD7-CA5D-413A-BD1B-CBC596DD4507}.Debug|Any CPU.Build.0 = Debug|Any CPU
		{058CFDD7-CA5D-413A-BD1B-CBC596DD4507}.Debug|x86.ActiveCfg = Debug|Any CPU
		{058CFDD7-CA5D-413A-BD1B-CBC596DD4507}.Debug|x86.Build.0 = Debug|Any CPU
		{058CFDD7-CA5D-413A-BD1B-CBC596DD4507}.Release|Any CPU.ActiveCfg = Release|Any CPU
		{058CFDD7-CA5D-413A-BD1B-CBC596DD4507}.Release|Any CPU.Build.0 = Release|Any CPU
		{058CFDD7-CA5D-413A-BD1B-CBC596DD4507}.Release|x86.ActiveCfg = Release|Any CPU
		{058CFDD7-CA5D-413A-BD1B-CBC596DD4507}.Release|x86.Build.0 = Release|Any CPU
		{1C54A70C-C56C-4F4B-83F3-54F348DE3F0A}.Debug|Any CPU.ActiveCfg = Debug|Any CPU
		{1C54A70C-C56C-4F4B-83F3-54F348DE3F0A}.Debug|Any CPU.Build.0 = Debug|Any CPU
		{1C54A70C-C56C-4F4B-83F3-54F348DE3F0A}.Debug|x86.ActiveCfg = Debug|Any CPU
		{1C54A70C-C56C-4F4B-83F3-54F348DE3F0A}.Debug|x86.Build.0 = Debug|Any CPU
		{1C54A70C-C56C-4F4B-83F3-54F348DE3F0A}.Release|Any CPU.ActiveCfg = Release|Any CPU
		{1C54A70C-C56C-4F4B-83F3-54F348DE3F0A}.Release|Any CPU.Build.0 = Release|Any CPU
		{1C54A70C-C56C-4F4B-83F3-54F348DE3F0A}.Release|x86.ActiveCfg = Release|Any CPU
		{1C54A70C-C56C-4F4B-83F3-54F348DE3F0A}.Release|x86.Build.0 = Release|Any CPU
		{016C8B38-A9A2-447C-BD19-8E09B3F36FCF}.Debug|Any CPU.ActiveCfg = Debug|Any CPU
		{016C8B38-A9A2-447C-BD19-8E09B3F36FCF}.Debug|Any CPU.Build.0 = Debug|Any CPU
		{016C8B38-A9A2-447C-BD19-8E09B3F36FCF}.Debug|x86.ActiveCfg = Debug|Any CPU
		{016C8B38-A9A2-447C-BD19-8E09B3F36FCF}.Debug|x86.Build.0 = Debug|Any CPU
		{016C8B38-A9A2-447C-BD19-8E09B3F36FCF}.Release|Any CPU.ActiveCfg = Release|Any CPU
		{016C8B38-A9A2-447C-BD19-8E09B3F36FCF}.Release|Any CPU.Build.0 = Release|Any CPU
		{016C8B38-A9A2-447C-BD19-8E09B3F36FCF}.Release|x86.ActiveCfg = Release|Any CPU
		{016C8B38-A9A2-447C-BD19-8E09B3F36FCF}.Release|x86.Build.0 = Release|Any CPU
		{8EB7611B-68CD-4B8B-987A-11717E2B250C}.Debug|Any CPU.ActiveCfg = Debug|Any CPU
		{8EB7611B-68CD-4B8B-987A-11717E2B250C}.Debug|Any CPU.Build.0 = Debug|Any CPU
		{8EB7611B-68CD-4B8B-987A-11717E2B250C}.Debug|x86.ActiveCfg = Debug|Any CPU
		{8EB7611B-68CD-4B8B-987A-11717E2B250C}.Debug|x86.Build.0 = Debug|Any CPU
		{8EB7611B-68CD-4B8B-987A-11717E2B250C}.Release|Any CPU.ActiveCfg = Release|Any CPU
		{8EB7611B-68CD-4B8B-987A-11717E2B250C}.Release|Any CPU.Build.0 = Release|Any CPU
		{8EB7611B-68CD-4B8B-987A-11717E2B250C}.Release|x86.ActiveCfg = Release|Any CPU
		{8EB7611B-68CD-4B8B-987A-11717E2B250C}.Release|x86.Build.0 = Release|Any CPU
	EndGlobalSection
	GlobalSection(SolutionProperties) = preSolution
		HideSolutionNode = FALSE
	EndGlobalSection
	GlobalSection(NestedProjects) = preSolution
		{FC46BDA3-AEAD-4A0A-A3A0-BB9383A4D164} = {E8F21895-D154-44C4-9D3A-868BA26A575D}
		{90FB4739-392D-4F48-93FC-722BA4442C0E} = {E8F21895-D154-44C4-9D3A-868BA26A575D}
		{8C2245B4-0309-4E2B-9285-FDAF31FA5226} = {E8F21895-D154-44C4-9D3A-868BA26A575D}
		{058CFDD7-CA5D-413A-BD1B-CBC596DD4507} = {C9EC07E3-67AB-4F91-8992-D4EA622D8ED0}
		{1C54A70C-C56C-4F4B-83F3-54F348DE3F0A} = {5891E074-0A92-45D8-8559-DE396BE00A7C}
		{016C8B38-A9A2-447C-BD19-8E09B3F36FCF} = {5891E074-0A92-45D8-8559-DE396BE00A7C}
		{E1EB9986-FCFC-474E-93DE-FE39870A1637} = {C9EC07E3-67AB-4F91-8992-D4EA622D8ED0}
		{8EB7611B-68CD-4B8B-987A-11717E2B250C} = {C9EC07E3-67AB-4F91-8992-D4EA622D8ED0}
		{C9EC07E3-67AB-4F91-8992-D4EA622D8ED0} = {5891E074-0A92-45D8-8559-DE396BE00A7C}
	EndGlobalSection
	GlobalSection(ExtensibilityGlobals) = postSolution
		SolutionGuid = {6275E39B-EEDB-4F56-B0FB-4DB40F456620}
	EndGlobalSection
EndGlobal
